
Microsoft Visual Studio Solution File, Format Version 12.00
# Visual Studio Version 17
VisualStudioVersion = 17.8.34309.116
MinimumVisualStudioVersion = 10.0.40219.1
Project("{FAE04EC0-301F-11D3-BF4B-00C04F79EFBC}") = "OffHappit.Domain", "OffHappit.Domain\OffHappit.Domain.csproj", "{8869D921-BE0C-4D56-94D6-9E57A73058F9}"
EndProject
Project("{FAE04EC0-301F-11D3-BF4B-00C04F79EFBC}") = "OffHappit.Infrastruture", "OffHappit.Infrastruture\OffHappit.Infrastruture.csproj", "{B50FD9D9-162B-43FA-A387-B083B3D04C37}"
EndProject
Project("{FAE04EC0-301F-11D3-BF4B-00C04F79EFBC}") = "OffHappit.Application", "OffHappit.Application\OffHappit.Application.csproj", "{0AD3B936-33F3-4364-9A11-553BC447BA97}"
EndProject
Global
	GlobalSection(SolutionConfigurationPlatforms) = preSolution
		Debug|Any CPU = Debug|Any CPU
		Release|Any CPU = Release|Any CPU
	EndGlobalSection
	GlobalSection(ProjectConfigurationPlatforms) = postSolution
		{8869D921-BE0C-4D56-94D6-9E57A73058F9}.Debug|Any CPU.ActiveCfg = Debug|Any CPU
		{8869D921-BE0C-4D56-94D6-9E57A73058F9}.Debug|Any CPU.Build.0 = Debug|Any CPU
		{8869D921-BE0C-4D56-94D6-9E57A73058F9}.Release|Any CPU.ActiveCfg = Release|Any CPU
		{8869D921-BE0C-4D56-94D6-9E57A73058F9}.Release|Any CPU.Build.0 = Release|Any CPU
		{B50FD9D9-162B-43FA-A387-B083B3D04C37}.Debug|Any CPU.ActiveCfg = Debug|Any CPU
		{B50FD9D9-162B-43FA-A387-B083B3D04C37}.Debug|Any CPU.Build.0 = Debug|Any CPU
		{B50FD9D9-162B-43FA-A387-B083B3D04C37}.Release|Any CPU.ActiveCfg = Release|Any CPU
		{B50FD9D9-162B-43FA-A387-B083B3D04C37}.Release|Any CPU.Build.0 = Release|Any CPU
		{0AD3B936-33F3-4364-9A11-553BC447BA97}.Debug|Any CPU.ActiveCfg = Debug|Any CPU
		{0AD3B936-33F3-4364-9A11-553BC447BA97}.Debug|Any CPU.Build.0 = Debug|Any CPU
		{0AD3B936-33F3-4364-9A11-553BC447BA97}.Release|Any CPU.ActiveCfg = Release|Any CPU
		{0AD3B936-33F3-4364-9A11-553BC447BA97}.Release|Any CPU.Build.0 = Release|Any CPU
	EndGlobalSection
	GlobalSection(SolutionProperties) = preSolution
		HideSolutionNode = FALSE
	EndGlobalSection
	GlobalSection(ExtensibilityGlobals) = postSolution
		SolutionGuid = {AD1504DC-BDDB-4856-91B5-57C4B29D348E}
	EndGlobalSection
EndGlobal
